// !$*UTF8*$!
{
	archiveVersion = 1;
	classes = {
	};
	objectVersion = 51;
	objects = {

/* Begin PBXBuildFile section */
		5418DCFF24BBD587009E5EAB /* ExtensionFont.swift in Sources */ = {isa = PBXBuildFile; fileRef = 5418DCFE24BBD587009E5EAB /* ExtensionFont.swift */; };
		5418DD0124BBDCCF009E5EAB /* homeViewController.swift in Sources */ = {isa = PBXBuildFile; fileRef = 5418DD0024BBDCCF009E5EAB /* homeViewController.swift */; };
		541D8EC124BB3906009C3B9F /* AppDelegate.swift in Sources */ = {isa = PBXBuildFile; fileRef = 541D8EC024BB3906009C3B9F /* AppDelegate.swift */; };
		541D8EC324BB3906009C3B9F /* SceneDelegate.swift in Sources */ = {isa = PBXBuildFile; fileRef = 541D8EC224BB3906009C3B9F /* SceneDelegate.swift */; };
		541D8EC524BB3906009C3B9F /* ViewController.swift in Sources */ = {isa = PBXBuildFile; fileRef = 541D8EC424BB3906009C3B9F /* ViewController.swift */; };
		541D8EC824BB3906009C3B9F /* Main.storyboard in Resources */ = {isa = PBXBuildFile; fileRef = 541D8EC624BB3906009C3B9F /* Main.storyboard */; };
		541D8ECA24BB3908009C3B9F /* Assets.xcassets in Resources */ = {isa = PBXBuildFile; fileRef = 541D8EC924BB3908009C3B9F /* Assets.xcassets */; };
		541D8ECD24BB3908009C3B9F /* LaunchScreen.storyboard in Resources */ = {isa = PBXBuildFile; fileRef = 541D8ECB24BB3908009C3B9F /* LaunchScreen.storyboard */; };
		542665B724BD9CAB00AB4D1F /* homemodel.swift in Sources */ = {isa = PBXBuildFile; fileRef = 542665B624BD9CAB00AB4D1F /* homemodel.swift */; };
		542665B924BDAC0F00AB4D1F /* headerCollectionReusableView.swift in Sources */ = {isa = PBXBuildFile; fileRef = 542665B824BDAC0F00AB4D1F /* headerCollectionReusableView.swift */; };
		542665BB24BDB36700AB4D1F /* ExtensionScreen.swift in Sources */ = {isa = PBXBuildFile; fileRef = 542665BA24BDB36600AB4D1F /* ExtensionScreen.swift */; };
		542A8E1224BB5FBD00752EE1 /* extensionColor.swift in Sources */ = {isa = PBXBuildFile; fileRef = 542A8E1124BB5FBD00752EE1 /* extensionColor.swift */; };
		542A8E1F24BB6F5B00752EE1 /* topCollectionViewCell.swift in Sources */ = {isa = PBXBuildFile; fileRef = 542A8E1D24BB6F5B00752EE1 /* topCollectionViewCell.swift */; };
		542A8E2024BB6F5B00752EE1 /* topCollectionViewCell.xib in Resources */ = {isa = PBXBuildFile; fileRef = 542A8E1E24BB6F5B00752EE1 /* topCollectionViewCell.xib */; };
		5433D5CA24C07AB200E34EE7 /* customView.xib in Resources */ = {isa = PBXBuildFile; fileRef = 5433D5C924C07AB200E34EE7 /* customView.xib */; };
		5433D5CC24C08CCA00E34EE7 /* tabarViewController.swift in Sources */ = {isa = PBXBuildFile; fileRef = 5433D5CB24C08CCA00E34EE7 /* tabarViewController.swift */; };
		5433D5CE24C08D3000E34EE7 /* flyViewController.swift in Sources */ = {isa = PBXBuildFile; fileRef = 5433D5CD24C08D3000E34EE7 /* flyViewController.swift */; };
		5433D5D024C08D3B00E34EE7 /* hotelViewController.swift in Sources */ = {isa = PBXBuildFile; fileRef = 5433D5CF24C08D3B00E34EE7 /* hotelViewController.swift */; };
		5433D5D224C08D5500E34EE7 /* profileViewController.swift in Sources */ = {isa = PBXBuildFile; fileRef = 5433D5D124C08D5500E34EE7 /* profileViewController.swift */; };
		5442F7F424C951AC0052DBFF /* propertiViewController.swift in Sources */ = {isa = PBXBuildFile; fileRef = 5442F7F324C951AC0052DBFF /* propertiViewController.swift */; };
		5442F7F624C96FCF0052DBFF /* extensionButton.swift in Sources */ = {isa = PBXBuildFile; fileRef = 5442F7F524C96FCF0052DBFF /* extensionButton.swift */; };
		544533C224C5D56B00A958DC /* bottomCollectionViewCell.swift in Sources */ = {isa = PBXBuildFile; fileRef = 544533C124C5D56B00A958DC /* bottomCollectionViewCell.swift */; };
		544DFC6E24C6670E00F69F32 /* tourCollectionViewCell.swift in Sources */ = {isa = PBXBuildFile; fileRef = 544DFC6D24C6670E00F69F32 /* tourCollectionViewCell.swift */; };
		54518CB524C2A52400783FBC /* flyCollectionViewCell.swift in Sources */ = {isa = PBXBuildFile; fileRef = 54518CB424C2A52400783FBC /* flyCollectionViewCell.swift */; };
		54518CB724C2D24900783FBC /* modelFlyVC.swift in Sources */ = {isa = PBXBuildFile; fileRef = 54518CB624C2D24900783FBC /* modelFlyVC.swift */; };
		546A704624BF27F100C8E14D /* tourInsideCollectionViewCell.swift in Sources */ = {isa = PBXBuildFile; fileRef = 546A704524BF27F100C8E14D /* tourInsideCollectionViewCell.swift */; };
		546E23D524C540DD00EADA0E /* ReuseableCollectionViewCell.swift in Sources */ = {isa = PBXBuildFile; fileRef = 546E23D424C540DD00EADA0E /* ReuseableCollectionViewCell.swift */; };
		547772FE24C868A1009A971D /* topHotelCollectionViewCell.swift in Sources */ = {isa = PBXBuildFile; fileRef = 547772FD24C868A1009A971D /* topHotelCollectionViewCell.swift */; };
		5477730024C8763F009A971D /* modelHotelVC.swift in Sources */ = {isa = PBXBuildFile; fileRef = 547772FF24C8763F009A971D /* modelHotelVC.swift */; };
		5477730224C8821B009A971D /* midHotelCollectionViewCell.swift in Sources */ = {isa = PBXBuildFile; fileRef = 5477730124C8821B009A971D /* midHotelCollectionViewCell.swift */; };
		5477730424C88265009A971D /* bottomHotelCollectionViewCell.swift in Sources */ = {isa = PBXBuildFile; fileRef = 5477730324C88265009A971D /* bottomHotelCollectionViewCell.swift */; };
		54987B3B24C58170009F5280 /* midCollectionViewCell.swift in Sources */ = {isa = PBXBuildFile; fileRef = 54987B3A24C58170009F5280 /* midCollectionViewCell.swift */; };
		54987B3F24C58D34009F5280 /* horizontalMidCollectionViewCell.swift in Sources */ = {isa = PBXBuildFile; fileRef = 54987B3E24C58D34009F5280 /* horizontalMidCollectionViewCell.swift */; };
		A302ACE4BB408F5205E58468 /* Pods_TravelApp.framework in Frameworks */ = {isa = PBXBuildFile; fileRef = F81746811319FB4EEEC99988 /* Pods_TravelApp.framework */; };
/* End PBXBuildFile section */

/* Begin PBXFileReference section */
		5418DCFE24BBD587009E5EAB /* ExtensionFont.swift */ = {isa = PBXFileReference; lastKnownFileType = sourcecode.swift; path = ExtensionFont.swift; sourceTree = "<group>"; };
		5418DD0024BBDCCF009E5EAB /* homeViewController.swift */ = {isa = PBXFileReference; lastKnownFileType = sourcecode.swift; path = homeViewController.swift; sourceTree = "<group>"; };
		541D8EBD24BB3906009C3B9F /* TravelApp.app */ = {isa = PBXFileReference; explicitFileType = wrapper.application; includeInIndex = 0; path = TravelApp.app; sourceTree = BUILT_PRODUCTS_DIR; };
		541D8EC024BB3906009C3B9F /* AppDelegate.swift */ = {isa = PBXFileReference; lastKnownFileType = sourcecode.swift; path = AppDelegate.swift; sourceTree = "<group>"; };
		541D8EC224BB3906009C3B9F /* SceneDelegate.swift */ = {isa = PBXFileReference; lastKnownFileType = sourcecode.swift; path = SceneDelegate.swift; sourceTree = "<group>"; };
		541D8EC424BB3906009C3B9F /* ViewController.swift */ = {isa = PBXFileReference; lastKnownFileType = sourcecode.swift; path = ViewController.swift; sourceTree = "<group>"; };
		541D8EC724BB3906009C3B9F /* Base */ = {isa = PBXFileReference; lastKnownFileType = file.storyboard; name = Base; path = Base.lproj/Main.storyboard; sourceTree = "<group>"; };
		541D8EC924BB3908009C3B9F /* Assets.xcassets */ = {isa = PBXFileReference; lastKnownFileType = folder.assetcatalog; path = Assets.xcassets; sourceTree = "<group>"; };
		541D8ECC24BB3908009C3B9F /* Base */ = {isa = PBXFileReference; lastKnownFileType = file.storyboard; name = Base; path = Base.lproj/LaunchScreen.storyboard; sourceTree = "<group>"; };
		541D8ECE24BB3908009C3B9F /* Info.plist */ = {isa = PBXFileReference; lastKnownFileType = text.plist.xml; path = Info.plist; sourceTree = "<group>"; };
		542665B624BD9CAB00AB4D1F /* homemodel.swift */ = {isa = PBXFileReference; lastKnownFileType = sourcecode.swift; path = homemodel.swift; sourceTree = "<group>"; };
		542665B824BDAC0F00AB4D1F /* headerCollectionReusableView.swift */ = {isa = PBXFileReference; lastKnownFileType = sourcecode.swift; path = headerCollectionReusableView.swift; sourceTree = "<group>"; };
		542665BA24BDB36600AB4D1F /* ExtensionScreen.swift */ = {isa = PBXFileReference; lastKnownFileType = sourcecode.swift; path = ExtensionScreen.swift; sourceTree = "<group>"; };
		542A8E1124BB5FBD00752EE1 /* extensionColor.swift */ = {isa = PBXFileReference; lastKnownFileType = sourcecode.swift; path = extensionColor.swift; sourceTree = "<group>"; };
		542A8E1D24BB6F5B00752EE1 /* topCollectionViewCell.swift */ = {isa = PBXFileReference; lastKnownFileType = sourcecode.swift; path = topCollectionViewCell.swift; sourceTree = "<group>"; };
		542A8E1E24BB6F5B00752EE1 /* topCollectionViewCell.xib */ = {isa = PBXFileReference; lastKnownFileType = file.xib; path = topCollectionViewCell.xib; sourceTree = "<group>"; };
		5433D5C924C07AB200E34EE7 /* customView.xib */ = {isa = PBXFileReference; lastKnownFileType = file.xib; path = customView.xib; sourceTree = "<group>"; };
		5433D5CB24C08CCA00E34EE7 /* tabarViewController.swift */ = {isa = PBXFileReference; lastKnownFileType = sourcecode.swift; path = tabarViewController.swift; sourceTree = "<group>"; };
		5433D5CD24C08D3000E34EE7 /* flyViewController.swift */ = {isa = PBXFileReference; lastKnownFileType = sourcecode.swift; path = flyViewController.swift; sourceTree = "<group>"; };
		5433D5CF24C08D3B00E34EE7 /* hotelViewController.swift */ = {isa = PBXFileReference; lastKnownFileType = sourcecode.swift; path = hotelViewController.swift; sourceTree = "<group>"; };
		5433D5D124C08D5500E34EE7 /* profileViewController.swift */ = {isa = PBXFileReference; lastKnownFileType = sourcecode.swift; path = profileViewController.swift; sourceTree = "<group>"; };
		5442F7F324C951AC0052DBFF /* propertiViewController.swift */ = {isa = PBXFileReference; lastKnownFileType = sourcecode.swift; path = propertiViewController.swift; sourceTree = "<group>"; };
		5442F7F524C96FCF0052DBFF /* extensionButton.swift */ = {isa = PBXFileReference; lastKnownFileType = sourcecode.swift; path = extensionButton.swift; sourceTree = "<group>"; };
		544533C124C5D56B00A958DC /* bottomCollectionViewCell.swift */ = {isa = PBXFileReference; lastKnownFileType = sourcecode.swift; path = bottomCollectionViewCell.swift; sourceTree = "<group>"; };
		544DFC6D24C6670E00F69F32 /* tourCollectionViewCell.swift */ = {isa = PBXFileReference; lastKnownFileType = sourcecode.swift; name = tourCollectionViewCell.swift; path = ../../../../../.Trash/tourCollectionViewCell.swift; sourceTree = "<group>"; };
		54518CB424C2A52400783FBC /* flyCollectionViewCell.swift */ = {isa = PBXFileReference; lastKnownFileType = sourcecode.swift; path = flyCollectionViewCell.swift; sourceTree = "<group>"; };
		54518CB624C2D24900783FBC /* modelFlyVC.swift */ = {isa = PBXFileReference; lastKnownFileType = sourcecode.swift; path = modelFlyVC.swift; sourceTree = "<group>"; };
		546A704524BF27F100C8E14D /* tourInsideCollectionViewCell.swift */ = {isa = PBXFileReference; lastKnownFileType = sourcecode.swift; path = tourInsideCollectionViewCell.swift; sourceTree = "<group>"; };
		546E23D424C540DD00EADA0E /* ReuseableCollectionViewCell.swift */ = {isa = PBXFileReference; lastKnownFileType = sourcecode.swift; path = ReuseableCollectionViewCell.swift; sourceTree = "<group>"; };
		547772FD24C868A1009A971D /* topHotelCollectionViewCell.swift */ = {isa = PBXFileReference; lastKnownFileType = sourcecode.swift; path = topHotelCollectionViewCell.swift; sourceTree = "<group>"; };
		547772FF24C8763F009A971D /* modelHotelVC.swift */ = {isa = PBXFileReference; lastKnownFileType = sourcecode.swift; path = modelHotelVC.swift; sourceTree = "<group>"; };
		5477730124C8821B009A971D /* midHotelCollectionViewCell.swift */ = {isa = PBXFileReference; lastKnownFileType = sourcecode.swift; path = midHotelCollectionViewCell.swift; sourceTree = "<group>"; };
		5477730324C88265009A971D /* bottomHotelCollectionViewCell.swift */ = {isa = PBXFileReference; lastKnownFileType = sourcecode.swift; path = bottomHotelCollectionViewCell.swift; sourceTree = "<group>"; };
		54987B3A24C58170009F5280 /* midCollectionViewCell.swift */ = {isa = PBXFileReference; lastKnownFileType = sourcecode.swift; path = midCollectionViewCell.swift; sourceTree = "<group>"; };
		54987B3E24C58D34009F5280 /* horizontalMidCollectionViewCell.swift */ = {isa = PBXFileReference; lastKnownFileType = sourcecode.swift; path = horizontalMidCollectionViewCell.swift; sourceTree = "<group>"; };
		99FD47F8AFB79B3D1766B558 /* Pods-TravelApp.debug.xcconfig */ = {isa = PBXFileReference; includeInIndex = 1; lastKnownFileType = text.xcconfig; name = "Pods-TravelApp.debug.xcconfig"; path = "Target Support Files/Pods-TravelApp/Pods-TravelApp.debug.xcconfig"; sourceTree = "<group>"; };
		BBF92C4D05A541535FB50AAA /* Pods-TravelApp.release.xcconfig */ = {isa = PBXFileReference; includeInIndex = 1; lastKnownFileType = text.xcconfig; name = "Pods-TravelApp.release.xcconfig"; path = "Target Support Files/Pods-TravelApp/Pods-TravelApp.release.xcconfig"; sourceTree = "<group>"; };
		F81746811319FB4EEEC99988 /* Pods_TravelApp.framework */ = {isa = PBXFileReference; explicitFileType = wrapper.framework; includeInIndex = 0; path = Pods_TravelApp.framework; sourceTree = BUILT_PRODUCTS_DIR; };
/* End PBXFileReference section */

/* Begin PBXFrameworksBuildPhase section */
		541D8EBA24BB3906009C3B9F /* Frameworks */ = {
			isa = PBXFrameworksBuildPhase;
			buildActionMask = 2147483647;
			files = (
				A302ACE4BB408F5205E58468 /* Pods_TravelApp.framework in Frameworks */,
			);
			runOnlyForDeploymentPostprocessing = 0;
		};
/* End PBXFrameworksBuildPhase section */

/* Begin PBXGroup section */
		5418DCF724BBD3EE009E5EAB /* extension */ = {
			isa = PBXGroup;
			children = (
				542A8E1124BB5FBD00752EE1 /* extensionColor.swift */,
				542665BA24BDB36600AB4D1F /* ExtensionScreen.swift */,
				5418DCFE24BBD587009E5EAB /* ExtensionFont.swift */,
				5442F7F524C96FCF0052DBFF /* extensionButton.swift */,
			);
			path = extension;
			sourceTree = "<group>";
		};
		5418DCF824BBD40E009E5EAB /* Viewcontroller */ = {
			isa = PBXGroup;
			children = (
				541D8EC424BB3906009C3B9F /* ViewController.swift */,
				5433D5CB24C08CCA00E34EE7 /* tabarViewController.swift */,
				5418DD0024BBDCCF009E5EAB /* homeViewController.swift */,
				5433D5CD24C08D3000E34EE7 /* flyViewController.swift */,
				5433D5CF24C08D3B00E34EE7 /* hotelViewController.swift */,
				5433D5D124C08D5500E34EE7 /* profileViewController.swift */,
				5442F7F324C951AC0052DBFF /* propertiViewController.swift */,
			);
			path = Viewcontroller;
			sourceTree = "<group>";
		};
		5418DCF924BBD442009E5EAB /* cell */ = {
			isa = PBXGroup;
			children = (
				542665B824BDAC0F00AB4D1F /* headerCollectionReusableView.swift */,
				546E23D424C540DD00EADA0E /* ReuseableCollectionViewCell.swift */,
				54987B3E24C58D34009F5280 /* horizontalMidCollectionViewCell.swift */,
				547772F824C8669B009A971D /* hotelCell */,
				54987B3924C58085009F5280 /* FlyCell */,
				54987B3C24C5878B009F5280 /* homeCell */,
			);
			path = cell;
			sourceTree = "<group>";
		};
		541D8EB424BB3906009C3B9F = {
			isa = PBXGroup;
			children = (
				541D8EBF24BB3906009C3B9F /* TravelApp */,
				541D8EBE24BB3906009C3B9F /* Products */,
				69E9F367C7D608961A3DF356 /* Pods */,
				CAA2F09E5FFCDB5BFAF7E7C1 /* Frameworks */,
			);
			sourceTree = "<group>";
		};
		541D8EBE24BB3906009C3B9F /* Products */ = {
			isa = PBXGroup;
			children = (
				541D8EBD24BB3906009C3B9F /* TravelApp.app */,
			);
			name = Products;
			sourceTree = "<group>";
		};
		541D8EBF24BB3906009C3B9F /* TravelApp */ = {
			isa = PBXGroup;
			children = (
				541D8EC024BB3906009C3B9F /* AppDelegate.swift */,
				541D8EC224BB3906009C3B9F /* SceneDelegate.swift */,
				5418DCF824BBD40E009E5EAB /* Viewcontroller */,
				5418DCF924BBD442009E5EAB /* cell */,
				542665B524BD9B5800AB4D1F /* model */,
				5418DCF724BBD3EE009E5EAB /* extension */,
				546026B324BF595800EB50DD /* custom */,
				541D8EC624BB3906009C3B9F /* Main.storyboard */,
				541D8EC924BB3908009C3B9F /* Assets.xcassets */,
				541D8ECB24BB3908009C3B9F /* LaunchScreen.storyboard */,
				541D8ECE24BB3908009C3B9F /* Info.plist */,
			);
			path = TravelApp;
			sourceTree = "<group>";
		};
		542665B524BD9B5800AB4D1F /* model */ = {
			isa = PBXGroup;
			children = (
				542665B624BD9CAB00AB4D1F /* homemodel.swift */,
				54518CB624C2D24900783FBC /* modelFlyVC.swift */,
				547772FF24C8763F009A971D /* modelHotelVC.swift */,
			);
			path = model;
			sourceTree = "<group>";
		};
		546026B324BF595800EB50DD /* custom */ = {
			isa = PBXGroup;
			children = (
				5433D5C924C07AB200E34EE7 /* customView.xib */,
			);
			path = custom;
			sourceTree = "<group>";
		};
		547772F824C8669B009A971D /* hotelCell */ = {
			isa = PBXGroup;
			children = (
				547772FD24C868A1009A971D /* topHotelCollectionViewCell.swift */,
				5477730124C8821B009A971D /* midHotelCollectionViewCell.swift */,
				5477730324C88265009A971D /* bottomHotelCollectionViewCell.swift */,
			);
			path = hotelCell;
			sourceTree = "<group>";
		};
		54987B3924C58085009F5280 /* FlyCell */ = {
			isa = PBXGroup;
			children = (
				54518CB424C2A52400783FBC /* flyCollectionViewCell.swift */,
				54987B3A24C58170009F5280 /* midCollectionViewCell.swift */,
				544533C124C5D56B00A958DC /* bottomCollectionViewCell.swift */,
			);
			path = FlyCell;
			sourceTree = "<group>";
		};
		54987B3C24C5878B009F5280 /* homeCell */ = {
			isa = PBXGroup;
			children = (
				542A8E1D24BB6F5B00752EE1 /* topCollectionViewCell.swift */,
				544DFC6D24C6670E00F69F32 /* tourCollectionViewCell.swift */,
				546A704524BF27F100C8E14D /* tourInsideCollectionViewCell.swift */,
				542A8E1E24BB6F5B00752EE1 /* topCollectionViewCell.xib */,
			);
			path = homeCell;
			sourceTree = "<group>";
		};
		69E9F367C7D608961A3DF356 /* Pods */ = {
			isa = PBXGroup;
			children = (
				99FD47F8AFB79B3D1766B558 /* Pods-TravelApp.debug.xcconfig */,
				BBF92C4D05A541535FB50AAA /* Pods-TravelApp.release.xcconfig */,
			);
			path = Pods;
			sourceTree = "<group>";
		};
		CAA2F09E5FFCDB5BFAF7E7C1 /* Frameworks */ = {
			isa = PBXGroup;
			children = (
				F81746811319FB4EEEC99988 /* Pods_TravelApp.framework */,
			);
			name = Frameworks;
			sourceTree = "<group>";
		};
/* End PBXGroup section */

/* Begin PBXNativeTarget section */
		541D8EBC24BB3906009C3B9F /* TravelApp */ = {
			isa = PBXNativeTarget;
			buildConfigurationList = 541D8ED124BB3908009C3B9F /* Build configuration list for PBXNativeTarget "TravelApp" */;
			buildPhases = (
				C5D16CD935ECB76AFCA31D43 /* [CP] Check Pods Manifest.lock */,
				541D8EB924BB3906009C3B9F /* Sources */,
				541D8EBA24BB3906009C3B9F /* Frameworks */,
				541D8EBB24BB3906009C3B9F /* Resources */,
				ECC646A8A933FFB1403D2611 /* [CP] Embed Pods Frameworks */,
			);
			buildRules = (
			);
			dependencies = (
			);
			name = TravelApp;
			productName = TravelApp;
			productReference = 541D8EBD24BB3906009C3B9F /* TravelApp.app */;
			productType = "com.apple.product-type.application";
		};
/* End PBXNativeTarget section */

/* Begin PBXProject section */
		541D8EB524BB3906009C3B9F /* Project object */ = {
			isa = PBXProject;
			attributes = {
				LastSwiftUpdateCheck = 1130;
				LastUpgradeCheck = 1130;
				ORGANIZATIONNAME = Toan;
				TargetAttributes = {
					541D8EBC24BB3906009C3B9F = {
						CreatedOnToolsVersion = 11.3;
					};
				};
			};
			buildConfigurationList = 541D8EB824BB3906009C3B9F /* Build configuration list for PBXProject "TravelApp" */;
			compatibilityVersion = "Xcode 9.3";
			developmentRegion = en;
			hasScannedForEncodings = 0;
			knownRegions = (
				en,
				Base,
			);
			mainGroup = 541D8EB424BB3906009C3B9F;
			productRefGroup = 541D8EBE24BB3906009C3B9F /* Products */;
			projectDirPath = "";
			projectRoot = "";
			targets = (
				541D8EBC24BB3906009C3B9F /* TravelApp */,
			);
		};
/* End PBXProject section */

/* Begin PBXResourcesBuildPhase section */
		541D8EBB24BB3906009C3B9F /* Resources */ = {
			isa = PBXResourcesBuildPhase;
			buildActionMask = 2147483647;
			files = (
				542A8E2024BB6F5B00752EE1 /* topCollectionViewCell.xib in Resources */,
				5433D5CA24C07AB200E34EE7 /* customView.xib in Resources */,
				541D8ECD24BB3908009C3B9F /* LaunchScreen.storyboard in Resources */,
				541D8ECA24BB3908009C3B9F /* Assets.xcassets in Resources */,
				541D8EC824BB3906009C3B9F /* Main.storyboard in Resources */,
			);
			runOnlyForDeploymentPostprocessing = 0;
		};
/* End PBXResourcesBuildPhase section */

/* Begin PBXShellScriptBuildPhase section */
		C5D16CD935ECB76AFCA31D43 /* [CP] Check Pods Manifest.lock */ = {
			isa = PBXShellScriptBuildPhase;
			buildActionMask = 2147483647;
			files = (
			);
			inputFileListPaths = (
			);
			inputPaths = (
				"${PODS_PODFILE_DIR_PATH}/Podfile.lock",
				"${PODS_ROOT}/Manifest.lock",
			);
			name = "[CP] Check Pods Manifest.lock";
			outputFileListPaths = (
			);
			outputPaths = (
				"$(DERIVED_FILE_DIR)/Pods-TravelApp-checkManifestLockResult.txt",
			);
			runOnlyForDeploymentPostprocessing = 0;
			shellPath = /bin/sh;
			shellScript = "diff \"${PODS_PODFILE_DIR_PATH}/Podfile.lock\" \"${PODS_ROOT}/Manifest.lock\" > /dev/null\nif [ $? != 0 ] ; then\n    # print error to STDERR\n    echo \"error: The sandbox is not in sync with the Podfile.lock. Run 'pod install' or update your CocoaPods installation.\" >&2\n    exit 1\nfi\n# This output is used by Xcode 'outputs' to avoid re-running this script phase.\necho \"SUCCESS\" > \"${SCRIPT_OUTPUT_FILE_0}\"\n";
			showEnvVarsInLog = 0;
		};
		ECC646A8A933FFB1403D2611 /* [CP] Embed Pods Frameworks */ = {
			isa = PBXShellScriptBuildPhase;
			buildActionMask = 2147483647;
			files = (
			);
			inputFileListPaths = (
				"${PODS_ROOT}/Target Support Files/Pods-TravelApp/Pods-TravelApp-frameworks-${CONFIGURATION}-input-files.xcfilelist",
			);
			name = "[CP] Embed Pods Frameworks";
			outputFileListPaths = (
				"${PODS_ROOT}/Target Support Files/Pods-TravelApp/Pods-TravelApp-frameworks-${CONFIGURATION}-output-files.xcfilelist",
			);
			runOnlyForDeploymentPostprocessing = 0;
			shellPath = /bin/sh;
			shellScript = "\"${PODS_ROOT}/Target Support Files/Pods-TravelApp/Pods-TravelApp-frameworks.sh\"\n";
			showEnvVarsInLog = 0;
		};
/* End PBXShellScriptBuildPhase section */

/* Begin PBXSourcesBuildPhase section */
		541D8EB924BB3906009C3B9F /* Sources */ = {
			isa = PBXSourcesBuildPhase;
			buildActionMask = 2147483647;
			files = (
				544DFC6E24C6670E00F69F32 /* tourCollectionViewCell.swift in Sources */,
				5442F7F624C96FCF0052DBFF /* extensionButton.swift in Sources */,
				5433D5D024C08D3B00E34EE7 /* hotelViewController.swift in Sources */,
				542665B924BDAC0F00AB4D1F /* headerCollectionReusableView.swift in Sources */,
				5433D5CE24C08D3000E34EE7 /* flyViewController.swift in Sources */,
				546A704624BF27F100C8E14D /* tourInsideCollectionViewCell.swift in Sources */,
				542665BB24BDB36700AB4D1F /* ExtensionScreen.swift in Sources */,
				5433D5D224C08D5500E34EE7 /* profileViewController.swift in Sources */,
				544533C224C5D56B00A958DC /* bottomCollectionViewCell.swift in Sources */,
				5433D5CC24C08CCA00E34EE7 /* tabarViewController.swift in Sources */,
				54518CB724C2D24900783FBC /* modelFlyVC.swift in Sources */,
				542665B724BD9CAB00AB4D1F /* homemodel.swift in Sources */,
				5418DD0124BBDCCF009E5EAB /* homeViewController.swift in Sources */,
				547772FE24C868A1009A971D /* topHotelCollectionViewCell.swift in Sources */,
				541D8EC524BB3906009C3B9F /* ViewController.swift in Sources */,
				54518CB524C2A52400783FBC /* flyCollectionViewCell.swift in Sources */,
				541D8EC124BB3906009C3B9F /* AppDelegate.swift in Sources */,
				54987B3F24C58D34009F5280 /* horizontalMidCollectionViewCell.swift in Sources */,
				542A8E1F24BB6F5B00752EE1 /* topCollectionViewCell.swift in Sources */,
				5477730424C88265009A971D /* bottomHotelCollectionViewCell.swift in Sources */,
				54987B3B24C58170009F5280 /* midCollectionViewCell.swift in Sources */,
				5442F7F424C951AC0052DBFF /* propertiViewController.swift in Sources */,
				5477730024C8763F009A971D /* modelHotelVC.swift in Sources */,
				5477730224C8821B009A971D /* midHotelCollectionViewCell.swift in Sources */,
				546E23D524C540DD00EADA0E /* ReuseableCollectionViewCell.swift in Sources */,
				5418DCFF24BBD587009E5EAB /* ExtensionFont.swift in Sources */,
				541D8EC324BB3906009C3B9F /* SceneDelegate.swift in Sources */,
				542A8E1224BB5FBD00752EE1 /* extensionColor.swift in Sources */,
			);
			runOnlyForDeploymentPostprocessing = 0;
		};
/* End PBXSourcesBuildPhase section */

/* Begin PBXVariantGroup section */
		541D8EC624BB3906009C3B9F /* Main.storyboard */ = {
			isa = PBXVariantGroup;
			children = (
				541D8EC724BB3906009C3B9F /* Base */,
			);
			name = Main.storyboard;
			sourceTree = "<group>";
		};
		541D8ECB24BB3908009C3B9F /* LaunchScreen.storyboard */ = {
			isa = PBXVariantGroup;
			children = (
				541D8ECC24BB3908009C3B9F /* Base */,
			);
			name = LaunchScreen.storyboard;
			sourceTree = "<group>";
		};
/* End PBXVariantGroup section */

/* Begin XCBuildConfiguration section */
		541D8ECF24BB3908009C3B9F /* Debug */ = {
			isa = XCBuildConfiguration;
			buildSettings = {
				ALWAYS_SEARCH_USER_PATHS = NO;
				CLANG_ANALYZER_NONNULL = YES;
				CLANG_ANALYZER_NUMBER_OBJECT_CONVERSION = YES_AGGRESSIVE;
				CLANG_CXX_LANGUAGE_STANDARD = "gnu++14";
				CLANG_CXX_LIBRARY = "libc++";
				CLANG_ENABLE_MODULES = YES;
				CLANG_ENABLE_OBJC_ARC = YES;
				CLANG_ENABLE_OBJC_WEAK = YES;
				CLANG_WARN_BLOCK_CAPTURE_AUTORELEASING = YES;
				CLANG_WARN_BOOL_CONVERSION = YES;
				CLANG_WARN_COMMA = YES;
				CLANG_WARN_CONSTANT_CONVERSION = YES;
				CLANG_WARN_DEPRECATED_OBJC_IMPLEMENTATIONS = YES;
				CLANG_WARN_DIRECT_OBJC_ISA_USAGE = YES_ERROR;
				CLANG_WARN_DOCUMENTATION_COMMENTS = YES;
				CLANG_WARN_EMPTY_BODY = YES;
				CLANG_WARN_ENUM_CONVERSION = YES;
				CLANG_WARN_INFINITE_RECURSION = YES;
				CLANG_WARN_INT_CONVERSION = YES;
				CLANG_WARN_NON_LITERAL_NULL_CONVERSION = YES;
				CLANG_WARN_OBJC_IMPLICIT_RETAIN_SELF = YES;
				CLANG_WARN_OBJC_LITERAL_CONVERSION = YES;
				CLANG_WARN_OBJC_ROOT_CLASS = YES_ERROR;
				CLANG_WARN_RANGE_LOOP_ANALYSIS = YES;
				CLANG_WARN_STRICT_PROTOTYPES = YES;
				CLANG_WARN_SUSPICIOUS_MOVE = YES;
				CLANG_WARN_UNGUARDED_AVAILABILITY = YES_AGGRESSIVE;
				CLANG_WARN_UNREACHABLE_CODE = YES;
				CLANG_WARN__DUPLICATE_METHOD_MATCH = YES;
				COPY_PHASE_STRIP = NO;
				DEBUG_INFORMATION_FORMAT = dwarf;
				ENABLE_STRICT_OBJC_MSGSEND = YES;
				ENABLE_TESTABILITY = YES;
				GCC_C_LANGUAGE_STANDARD = gnu11;
				GCC_DYNAMIC_NO_PIC = NO;
				GCC_NO_COMMON_BLOCKS = YES;
				GCC_OPTIMIZATION_LEVEL = 0;
				GCC_PREPROCESSOR_DEFINITIONS = (
					"DEBUG=1",
					"$(inherited)",
				);
				GCC_WARN_64_TO_32_BIT_CONVERSION = YES;
				GCC_WARN_ABOUT_RETURN_TYPE = YES_ERROR;
				GCC_WARN_UNDECLARED_SELECTOR = YES;
				GCC_WARN_UNINITIALIZED_AUTOS = YES_AGGRESSIVE;
				GCC_WARN_UNUSED_FUNCTION = YES;
				GCC_WARN_UNUSED_VARIABLE = YES;
				IPHONEOS_DEPLOYMENT_TARGET = 13.2;
				MTL_ENABLE_DEBUG_INFO = INCLUDE_SOURCE;
				MTL_FAST_MATH = YES;
				ONLY_ACTIVE_ARCH = YES;
				SDKROOT = iphoneos;
				SWIFT_ACTIVE_COMPILATION_CONDITIONS = DEBUG;
				SWIFT_OPTIMIZATION_LEVEL = "-Onone";
			};
			name = Debug;
		};
		541D8ED024BB3908009C3B9F /* Release */ = {
			isa = XCBuildConfiguration;
			buildSettings = {
				ALWAYS_SEARCH_USER_PATHS = NO;
				CLANG_ANALYZER_NONNULL = YES;
				CLANG_ANALYZER_NUMBER_OBJECT_CONVERSION = YES_AGGRESSIVE;
				CLANG_CXX_LANGUAGE_STANDARD = "gnu++14";
				CLANG_CXX_LIBRARY = "libc++";
				CLANG_ENABLE_MODULES = YES;
				CLANG_ENABLE_OBJC_ARC = YES;
				CLANG_ENABLE_OBJC_WEAK = YES;
				CLANG_WARN_BLOCK_CAPTURE_AUTORELEASING = YES;
				CLANG_WARN_BOOL_CONVERSION = YES;
				CLANG_WARN_COMMA = YES;
				CLANG_WARN_CONSTANT_CONVERSION = YES;
				CLANG_WARN_DEPRECATED_OBJC_IMPLEMENTATIONS = YES;
				CLANG_WARN_DIRECT_OBJC_ISA_USAGE = YES_ERROR;
				CLANG_WARN_DOCUMENTATION_COMMENTS = YES;
				CLANG_WARN_EMPTY_BODY = YES;
				CLANG_WARN_ENUM_CONVERSION = YES;
				CLANG_WARN_INFINITE_RECURSION = YES;
				CLANG_WARN_INT_CONVERSION = YES;
				CLANG_WARN_NON_LITERAL_NULL_CONVERSION = YES;
				CLANG_WARN_OBJC_IMPLICIT_RETAIN_SELF = YES;
				CLANG_WARN_OBJC_LITERAL_CONVERSION = YES;
				CLANG_WARN_OBJC_ROOT_CLASS = YES_ERROR;
				CLANG_WARN_RANGE_LOOP_ANALYSIS = YES;
				CLANG_WARN_STRICT_PROTOTYPES = YES;
				CLANG_WARN_SUSPICIOUS_MOVE = YES;
				CLANG_WARN_UNGUARDED_AVAILABILITY = YES_AGGRESSIVE;
				CLANG_WARN_UNREACHABLE_CODE = YES;
				CLANG_WARN__DUPLICATE_METHOD_MATCH = YES;
				COPY_PHASE_STRIP = NO;
				DEBUG_INFORMATION_FORMAT = "dwarf-with-dsym";
				ENABLE_NS_ASSERTIONS = NO;
				ENABLE_STRICT_OBJC_MSGSEND = YES;
				GCC_C_LANGUAGE_STANDARD = gnu11;
				GCC_NO_COMMON_BLOCKS = YES;
				GCC_WARN_64_TO_32_BIT_CONVERSION = YES;
				GCC_WARN_ABOUT_RETURN_TYPE = YES_ERROR;
				GCC_WARN_UNDECLARED_SELECTOR = YES;
				GCC_WARN_UNINITIALIZED_AUTOS = YES_AGGRESSIVE;
				GCC_WARN_UNUSED_FUNCTION = YES;
				GCC_WARN_UNUSED_VARIABLE = YES;
				IPHONEOS_DEPLOYMENT_TARGET = 13.2;
				MTL_ENABLE_DEBUG_INFO = NO;
				MTL_FAST_MATH = YES;
				SDKROOT = iphoneos;
				SWIFT_COMPILATION_MODE = wholemodule;
				SWIFT_OPTIMIZATION_LEVEL = "-O";
				VALIDATE_PRODUCT = YES;
			};
			name = Release;
		};
		541D8ED224BB3908009C3B9F /* Debug */ = {
			isa = XCBuildConfiguration;
			baseConfigurationReference = 99FD47F8AFB79B3D1766B558 /* Pods-TravelApp.debug.xcconfig */;
			buildSettings = {
				ASSETCATALOG_COMPILER_APPICON_NAME = AppIcon;
				CODE_SIGN_STYLE = Automatic;
				INFOPLIST_FILE = TravelApp/Info.plist;
				LD_RUNPATH_SEARCH_PATHS = (
					"$(inherited)",
					"@executable_path/Frameworks",
				);
				PRODUCT_BUNDLE_IDENTIFIER = com.toannguyen.TravelApp;
				PRODUCT_NAME = "$(TARGET_NAME)";
				SWIFT_VERSION = 5.0;
				TARGETED_DEVICE_FAMILY = "1,2";
			};
			name = Debug;
		};
		541D8ED324BB3908009C3B9F /* Release */ = {
			isa = XCBuildConfiguration;
			baseConfigurationReference = BBF92C4D05A541535FB50AAA /* Pods-TravelApp.release.xcconfig */;
			buildSettings = {
				ASSETCATALOG_COMPILER_APPICON_NAME = AppIcon;
				CODE_SIGN_STYLE = Automatic;
				INFOPLIST_FILE = TravelApp/Info.plist;
				LD_RUNPATH_SEARCH_PATHS = (
					"$(inherited)",
					"@executable_path/Frameworks",
				);
				PRODUCT_BUNDLE_IDENTIFIER = com.toannguyen.TravelApp;
				PRODUCT_NAME = "$(TARGET_NAME)";
				SWIFT_VERSION = 5.0;
				TARGETED_DEVICE_FAMILY = "1,2";
			};
			name = Release;
		};
/* End XCBuildConfiguration section */

/* Begin XCConfigurationList section */
		541D8EB824BB3906009C3B9F /* Build configuration list for PBXProject "TravelApp" */ = {
			isa = XCConfigurationList;
			buildConfigurations = (
				541D8ECF24BB3908009C3B9F /* Debug */,
				541D8ED024BB3908009C3B9F /* Release */,
			);
			defaultConfigurationIsVisible = 0;
			defaultConfigurationName = Release;
		};
		541D8ED124BB3908009C3B9F /* Build configuration list for PBXNativeTarget "TravelApp" */ = {
			isa = XCConfigurationList;
			buildConfigurations = (
				541D8ED224BB3908009C3B9F /* Debug */,
				541D8ED324BB3908009C3B9F /* Release */,
			);
			defaultConfigurationIsVisible = 0;
			defaultConfigurationName = Release;
		};
/* End XCConfigurationList section */
	};
	rootObject = 541D8EB524BB3906009C3B9F /* Project object */;
}
